
Microsoft Visual Studio Solution File, Format Version 12.00
# Visual Studio Version 17
VisualStudioVersion = 17.0.31903.59
MinimumVisualStudioVersion = 10.0.40219.1
Project("{FAE04EC0-301F-11D3-BF4B-00C04F79EFBC}") = "ConsoleApp1", "ConsoleApp1\ConsoleApp1.csproj", "{246A5B4B-FC32-4552-91CB-AA16F31ACA2A}"
EndProject
Project("{FAE04EC0-301F-11D3-BF4B-00C04F79EFBC}") = "FileKT4libary", "..\libary\FileKT4libary\FileKT4libary.csproj", "{303F23DA-4B95-4DD2-867D-F926544E3F74}"
EndProject
Global
	GlobalSection(SolutionConfigurationPlatforms) = preSolution
		Debug|Any CPU = Debug|Any CPU
		Release|Any CPU = Release|Any CPU
	EndGlobalSection
	GlobalSection(ProjectConfigurationPlatforms) = postSolution
		{246A5B4B-FC32-4552-91CB-AA16F31ACA2A}.Debug|Any CPU.ActiveCfg = Debug|Any CPU
		{246A5B4B-FC32-4552-91CB-AA16F31ACA2A}.Debug|Any CPU.Build.0 = Debug|Any CPU
		{246A5B4B-FC32-4552-91CB-AA16F31ACA2A}.Release|Any CPU.ActiveCfg = Release|Any CPU
		{246A5B4B-FC32-4552-91CB-AA16F31ACA2A}.Release|Any CPU.Build.0 = Release|Any CPU
		{303F23DA-4B95-4DD2-867D-F926544E3F74}.Debug|Any CPU.ActiveCfg = Debug|Any CPU
		{303F23DA-4B95-4DD2-867D-F926544E3F74}.Debug|Any CPU.Build.0 = Debug|Any CPU
		{303F23DA-4B95-4DD2-867D-F926544E3F74}.Release|Any CPU.ActiveCfg = Release|Any CPU
		{303F23DA-4B95-4DD2-867D-F926544E3F74}.Release|Any CPU.Build.0 = Release|Any CPU
	EndGlobalSection
	GlobalSection(SolutionProperties) = preSolution
		HideSolutionNode = FALSE
	EndGlobalSection
EndGlobal
